{
  "nodes": {
    "nixpkgs": {
      "locked": {
        "lastModified": 1638491828,
        "narHash": "sha256-9TNP/SnHl4PTy3DXWTfPlAUZ3xqsdWDHzOPzcxqFL3E=",
        "owner": "DeterminateSystems",
        "repo": "nixpkgs",
        "rev": "ee3794cf78f4892c208a6f8c02a9889dd26fb745",
        "type": "github"
      },
      "original": {
        "owner": "DeterminateSystems",
        "ref": "boot-spec-unstable",
        "repo": "nixpkgs",
        "type": "github"
      }
    },
    "root": {
      "inputs": {
        "nixpkgs": "nixpkgs"
      }
    }
  },
  "root": "root",
  "version": 7
}
